
Microsoft Visual Studio Solution File, Format Version 12.00
# Visual Studio Version 17
VisualStudioVersion = 17.0.31912.275
MinimumVisualStudioVersion = 10.0.40219.1
Project("{FAE04EC0-301F-11D3-BF4B-00C04F79EFBC}") = "Lab_5_3", "Lab_5_3.csproj", "{276FDE5F-D2E6-4BFD-A448-570FCC46B7E5}"
EndProject
Global
	GlobalSection(SolutionConfigurationPlatforms) = preSolution
		Debug|Any CPU = Debug|Any CPU
		Release|Any CPU = Release|Any CPU
	EndGlobalSection
	GlobalSection(ProjectConfigurationPlatforms) = postSolution
		{276FDE5F-D2E6-4BFD-A448-570FCC46B7E5}.Debug|Any CPU.ActiveCfg = Debug|Any CPU
		{276FDE5F-D2E6-4BFD-A448-570FCC46B7E5}.Debug|Any CPU.Build.0 = Debug|Any CPU
		{276FDE5F-D2E6-4BFD-A448-570FCC46B7E5}.Release|Any CPU.ActiveCfg = Release|Any CPU
		{276FDE5F-D2E6-4BFD-A448-570FCC46B7E5}.Release|Any CPU.Build.0 = Release|Any CPU
	EndGlobalSection
	GlobalSection(SolutionProperties) = preSolution
		HideSolutionNode = FALSE
	EndGlobalSection
	GlobalSection(ExtensibilityGlobals) = postSolution
		SolutionGuid = {CBAF9430-8817-42AB-BDEB-D3BA2556B22D}
	EndGlobalSection
EndGlobal
