
Microsoft Visual Studio Solution File, Format Version 12.00
# Visual Studio Version 17
VisualStudioVersion = 17.0.31912.275
MinimumVisualStudioVersion = 10.0.40219.1
Project("{9A19103F-16F7-4668-BE54-9A1E7A4F7556}") = "Lab_7_1", "Lab_7_1.csproj", "{C2124C5B-1933-4E15-BDDD-A7C77CA8C861}"
EndProject
Project("{FAE04EC0-301F-11D3-BF4B-00C04F79EFBC}") = "Lab_7_1.Tests", "..\Lab_7_1.Tests\Lab_7_1.Tests.csproj", "{83F93B60-0C68-4EE5-B32F-A7270426427D}"
EndProject
Global
	GlobalSection(SolutionConfigurationPlatforms) = preSolution
		Debug|Any CPU = Debug|Any CPU
		Release|Any CPU = Release|Any CPU
	EndGlobalSection
	GlobalSection(ProjectConfigurationPlatforms) = postSolution
		{C2124C5B-1933-4E15-BDDD-A7C77CA8C861}.Debug|Any CPU.ActiveCfg = Debug|Any CPU
		{C2124C5B-1933-4E15-BDDD-A7C77CA8C861}.Debug|Any CPU.Build.0 = Debug|Any CPU
		{C2124C5B-1933-4E15-BDDD-A7C77CA8C861}.Release|Any CPU.ActiveCfg = Release|Any CPU
		{C2124C5B-1933-4E15-BDDD-A7C77CA8C861}.Release|Any CPU.Build.0 = Release|Any CPU
		{83F93B60-0C68-4EE5-B32F-A7270426427D}.Debug|Any CPU.ActiveCfg = Debug|Any CPU
		{83F93B60-0C68-4EE5-B32F-A7270426427D}.Debug|Any CPU.Build.0 = Debug|Any CPU
		{83F93B60-0C68-4EE5-B32F-A7270426427D}.Release|Any CPU.ActiveCfg = Release|Any CPU
		{83F93B60-0C68-4EE5-B32F-A7270426427D}.Release|Any CPU.Build.0 = Release|Any CPU
	EndGlobalSection
	GlobalSection(SolutionProperties) = preSolution
		HideSolutionNode = FALSE
	EndGlobalSection
	GlobalSection(ExtensibilityGlobals) = postSolution
		SolutionGuid = {8CD279F1-4CD0-44DE-9141-0730369D7E5D}
	EndGlobalSection
EndGlobal
